
Microsoft Visual Studio Solution File, Format Version 12.00
# Visual Studio Version 17
VisualStudioVersion = 17.9.34701.34
MinimumVisualStudioVersion = 10.0.40219.1
Project("{FAE04EC0-301F-11D3-BF4B-00C04F79EFBC}") = "HaziDalVerseny", "HaziDalVerseny\HaziDalVerseny.csproj", "{4F95F48E-A687-47A6-A019-7B77511D9876}"
EndProject
Global
	GlobalSection(SolutionConfigurationPlatforms) = preSolution
		Debug|Any CPU = Debug|Any CPU
		Release|Any CPU = Release|Any CPU
	EndGlobalSection
	GlobalSection(ProjectConfigurationPlatforms) = postSolution
		{4F95F48E-A687-47A6-A019-7B77511D9876}.Debug|Any CPU.ActiveCfg = Debug|Any CPU
		{4F95F48E-A687-47A6-A019-7B77511D9876}.Debug|Any CPU.Build.0 = Debug|Any CPU
		{4F95F48E-A687-47A6-A019-7B77511D9876}.Release|Any CPU.ActiveCfg = Release|Any CPU
		{4F95F48E-A687-47A6-A019-7B77511D9876}.Release|Any CPU.Build.0 = Release|Any CPU
	EndGlobalSection
	GlobalSection(SolutionProperties) = preSolution
		HideSolutionNode = FALSE
	EndGlobalSection
	GlobalSection(ExtensibilityGlobals) = postSolution
		SolutionGuid = {65F9CBF3-F715-487D-B869-3F0B6A571254}
	EndGlobalSection
EndGlobal
