
Microsoft Visual Studio Solution File, Format Version 12.00
# Visual Studio Version 17
VisualStudioVersion = 17.9.34701.34
MinimumVisualStudioVersion = 10.0.40219.1
Project("{FAE04EC0-301F-11D3-BF4B-00C04F79EFBC}") = "DatumFeladat", "DatumFeladat\DatumFeladat.csproj", "{7DC5D78F-0938-4CFB-9071-9D7441CED9D5}"
EndProject
Global
	GlobalSection(SolutionConfigurationPlatforms) = preSolution
		Debug|Any CPU = Debug|Any CPU
		Release|Any CPU = Release|Any CPU
	EndGlobalSection
	GlobalSection(ProjectConfigurationPlatforms) = postSolution
		{7DC5D78F-0938-4CFB-9071-9D7441CED9D5}.Debug|Any CPU.ActiveCfg = Debug|Any CPU
		{7DC5D78F-0938-4CFB-9071-9D7441CED9D5}.Debug|Any CPU.Build.0 = Debug|Any CPU
		{7DC5D78F-0938-4CFB-9071-9D7441CED9D5}.Release|Any CPU.ActiveCfg = Release|Any CPU
		{7DC5D78F-0938-4CFB-9071-9D7441CED9D5}.Release|Any CPU.Build.0 = Release|Any CPU
	EndGlobalSection
	GlobalSection(SolutionProperties) = preSolution
		HideSolutionNode = FALSE
	EndGlobalSection
	GlobalSection(ExtensibilityGlobals) = postSolution
		SolutionGuid = {D6CE84EC-7A8F-43C0-B72A-DBFC35A1218A}
	EndGlobalSection
EndGlobal
